
Microsoft Visual Studio Solution File, Format Version 12.00
# Visual Studio Version 16
VisualStudioVersion = 16.0.30114.105
MinimumVisualStudioVersion = 10.0.40219.1
Project("{FAE04EC0-301F-11D3-BF4B-00C04F79EFBC}") = "LooneyTunesVac", "LooneyTunesVac\LooneyTunesVac.csproj", "{9CA695F0-C22E-4CD7-94C0-D1122A79DA56}"
EndProject
Global
	GlobalSection(SolutionConfigurationPlatforms) = preSolution
		Debug|Any CPU = Debug|Any CPU
		Release|Any CPU = Release|Any CPU
	EndGlobalSection
	GlobalSection(ProjectConfigurationPlatforms) = postSolution
		{9CA695F0-C22E-4CD7-94C0-D1122A79DA56}.Debug|Any CPU.ActiveCfg = Debug|Any CPU
		{9CA695F0-C22E-4CD7-94C0-D1122A79DA56}.Debug|Any CPU.Build.0 = Debug|Any CPU
		{9CA695F0-C22E-4CD7-94C0-D1122A79DA56}.Release|Any CPU.ActiveCfg = Release|Any CPU
		{9CA695F0-C22E-4CD7-94C0-D1122A79DA56}.Release|Any CPU.Build.0 = Release|Any CPU
	EndGlobalSection
	GlobalSection(SolutionProperties) = preSolution
		HideSolutionNode = FALSE
	EndGlobalSection
	GlobalSection(ExtensibilityGlobals) = postSolution
		SolutionGuid = {D85725EE-89B5-4086-B21A-536B4D1C3D60}
	EndGlobalSection
EndGlobal
